%{"bcrypt": {:git, "git://github.com/opscode/erlang-bcrypt.git", "7515e80a5e16f62aef149709f6cc09995dd480be", []},
  "cowboy": {:git, "git://github.com/extend/cowboy.git", "99061274b6dc602614a07a8751ea3925950f6b80", []},
  "cowlib": {:git, "git://github.com/extend/cowlib.git", "e2ffefe828b918486e2cd76e44c54ae9b62c616e", [ref: "0.6.2"]},
  "decimal": {:package, "0.2.3"},
  "ecto": {:git, "git://github.com/elixir-lang/ecto.git", "5d018263888f860744f8e3e51116ae3ef1543cde", []},
  "factory_girl_elixir": {:git, "git://github.com/sinetris/factory_girl_elixir.git", "1f3ecda742459cd79e45da4b9dca6ebce5daed03", []},
  "hound": {:git, "git://github.com/HashNuke/hound.git", "6ec268301eed4def199ca458ddaf7925aeecfc51", []},
  "ibrowse": {:git, "git://github.com/cmullaparthi/ibrowse.git", "e8ae353c16d4f0897abb9f80025b52925b974dd1", [tag: "v4.0.2"]},
  "inflex": {:package, "0.2.4"},
  "jazz": {:package, "0.1.2"},
  "jsex": {:package, "2.0.0"},
  "jsx": {:package, "2.0.4"},
  "phoenix": {:git, "git://github.com/phoenixframework/phoenix.git", "49e37536788aacc867e841b14480215152563ca0", []},
  "plug": {:git, "git://github.com/elixir-lang/plug.git", "0cc1bd62ffa7d2d2daf57d36210ae5eaba1420e7", []},
  "poolboy": {:package, "1.2.1"},
  "postgrex": {:package, "0.5.3"},
  "ranch": {:git, "git://github.com/extend/ranch.git", "3189ef2d47843945efc96c224963380462c33d40", [ref: "0.10.0"]}}
