%{"bcrypt": {:git, "git://github.com/opscode/erlang-bcrypt.git", "7515e80a5e16f62aef149709f6cc09995dd480be", []},
  "cowboy": {:git, "git://github.com/extend/cowboy.git", "efa8bb5cf84f1a04ad18e6b1ee8088b9cfb702fa", []},
  "cowlib": {:git, "git://github.com/extend/cowlib.git", "e2ffefe828b918486e2cd76e44c54ae9b62c616e", [ref: "0.6.2"]},
  "decimal": {:package, "0.2.2"},
  "ecto": {:package, "0.2.1"},
  "ex_conf": {:package, "0.1.2"},
  "inflex": {:package, "0.2.3"},
  "jazz": {:package, "0.1.1"},
  "phoenix": {:git, "git://github.com/phoenixframework/phoenix.git", "f8f2553f7b78ad917b51ab777fdf9a0f8bc06236", []},
  "plug": {:git, "git://github.com/scrogson/plug.git", "38695868854fd306dae993cb01fbe6cd75b98ee8", [branch: "cookie_store"]},
  "poolboy": {:package, "1.2.1"},
  "postgrex": {:package, "0.5.2"},
  "ranch": {:git, "git://github.com/extend/ranch.git", "3189ef2d47843945efc96c224963380462c33d40", [ref: "0.10.0"]}}
