%{"bcrypt": {:git, "git://github.com/opscode/erlang-bcrypt.git", "7515e80a5e16f62aef149709f6cc09995dd480be", []},
  "cowboy": {:git, "git://github.com/extend/cowboy.git", "5cd2f0516ad746716105f371a8b51eb71fb41d21", []},
  "cowlib": {:git, "git://github.com/extend/cowlib.git", "e2ffefe828b918486e2cd76e44c54ae9b62c616e", [ref: "0.6.2"]},
  "decimal": {:package, "0.2.2"},
  "ecto": {:package, "0.2.1"},
  "ex_conf": {:package, "0.1.2"},
  "inflex": {:package, "0.2.3"},
  "jazz": {:package, "0.1.1"},
  "phoenix": {:git, "git://github.com/phoenixframework/phoenix.git", "0cefa12db45bf4df672a919053f1a7e523f5ff0c", []},
  "plug": {:git, "git://github.com/elixir-lang/plug.git", "1ef4ce7bf07c8dc881079d9853b20933e4293f39", []},
  "poolboy": {:package, "1.2.1"},
  "postgrex": {:package, "0.5.2"},
  "ranch": {:git, "git://github.com/extend/ranch.git", "3189ef2d47843945efc96c224963380462c33d40", [ref: "0.10.0"]}}
